
Microsoft Visual Studio Solution File, Format Version 12.00
# Visual Studio Version 17
VisualStudioVersion = 17.4.33110.190
MinimumVisualStudioVersion = 10.0.40219.1
Project("{FAE04EC0-301F-11D3-BF4B-00C04F79EFBC}") = "store.Api", "store.Api.csproj", "{016306D4-ECDA-4888-9AC7-62C378AC1388}"
EndProject
Project("{FAE04EC0-301F-11D3-BF4B-00C04F79EFBC}") = "store.DataLayer", "..\store.DataLayer\store.DataLayer.csproj", "{3BAC25E1-E943-45B7-BDB9-9012AA335911}"
EndProject
Global
	GlobalSection(SolutionConfigurationPlatforms) = preSolution
		Debug|Any CPU = Debug|Any CPU
		Release|Any CPU = Release|Any CPU
	EndGlobalSection
	GlobalSection(ProjectConfigurationPlatforms) = postSolution
		{016306D4-ECDA-4888-9AC7-62C378AC1388}.Debug|Any CPU.ActiveCfg = Debug|Any CPU
		{016306D4-ECDA-4888-9AC7-62C378AC1388}.Debug|Any CPU.Build.0 = Debug|Any CPU
		{016306D4-ECDA-4888-9AC7-62C378AC1388}.Release|Any CPU.ActiveCfg = Release|Any CPU
		{016306D4-ECDA-4888-9AC7-62C378AC1388}.Release|Any CPU.Build.0 = Release|Any CPU
		{3BAC25E1-E943-45B7-BDB9-9012AA335911}.Debug|Any CPU.ActiveCfg = Debug|Any CPU
		{3BAC25E1-E943-45B7-BDB9-9012AA335911}.Debug|Any CPU.Build.0 = Debug|Any CPU
		{3BAC25E1-E943-45B7-BDB9-9012AA335911}.Release|Any CPU.ActiveCfg = Release|Any CPU
		{3BAC25E1-E943-45B7-BDB9-9012AA335911}.Release|Any CPU.Build.0 = Release|Any CPU
	EndGlobalSection
	GlobalSection(SolutionProperties) = preSolution
		HideSolutionNode = FALSE
	EndGlobalSection
	GlobalSection(ExtensibilityGlobals) = postSolution
		SolutionGuid = {86B58440-A0D3-44C2-8626-F74B55933E7B}
	EndGlobalSection
EndGlobal
